
Microsoft Visual Studio Solution File, Format Version 11.00
# Visual Studio 2010
Project("{F184B08F-C81C-45F6-A57F-5ABD9991F28F}") = "DatabaseAccess", "DatabaseAccess\DatabaseAccess.vbproj", "{F2E21731-DD86-4021-AAB9-50E605C86FEF}"
EndProject
Global
	GlobalSection(SolutionConfigurationPlatforms) = preSolution
		Debug|x86 = Debug|x86
		Release|x86 = Release|x86
	EndGlobalSection
	GlobalSection(ProjectConfigurationPlatforms) = postSolution
		{F2E21731-DD86-4021-AAB9-50E605C86FEF}.Debug|x86.ActiveCfg = Debug|x86
		{F2E21731-DD86-4021-AAB9-50E605C86FEF}.Debug|x86.Build.0 = Debug|x86
		{F2E21731-DD86-4021-AAB9-50E605C86FEF}.Release|x86.ActiveCfg = Release|x86
		{F2E21731-DD86-4021-AAB9-50E605C86FEF}.Release|x86.Build.0 = Release|x86
	EndGlobalSection
	GlobalSection(SolutionProperties) = preSolution
		HideSolutionNode = FALSE
	EndGlobalSection
EndGlobal
